{
  "nodes": {
    "home-manager": {
      "inputs": {
        "nixpkgs": [
          "nixpkgs"
        ]
      },
      "locked": {
        "lastModified": 1708591310,
        "narHash": "sha256-8mQGVs8JccWTnORgoLOTh9zvf6Np+x2JzhIc+LDcJ9s=",
        "owner": "nix-community",
        "repo": "home-manager",
        "rev": "0e0e9669547e45ea6cca2de4044c1a384fd0fe55",
        "type": "github"
      },
      "original": {
        "owner": "nix-community",
        "ref": "master",
        "repo": "home-manager",
        "type": "github"
      }
    },
    "nixos-hardware": {
      "locked": {
        "lastModified": 1708594753,
        "narHash": "sha256-c/gH7iXS/IYH9NrFOT+aJqTq+iEBkvAkpWuUHGU3+f0=",
        "owner": "NixOS",
        "repo": "nixos-hardware",
        "rev": "3f7d0bca003eac1a1a7f4659bbab9c8f8c2a0958",
        "type": "github"
      },
      "original": {
        "owner": "NixOS",
        "ref": "master",
        "repo": "nixos-hardware",
        "type": "github"
      }
    },
    "nixpkgs": {
      "locked": {
        "lastModified": 1708614310,
        "narHash": "sha256-3EnC9Z/jJjGqYQ+zZtG/3LXvt4Vkhc5eZC5aJ9ZaBQE=",
        "owner": "nixos",
        "repo": "nixpkgs",
        "rev": "b4cdc1516350d8cdb718d4f67b29afe8afdf275e",
        "type": "github"
      },
      "original": {
        "owner": "nixos",
        "ref": "master",
        "repo": "nixpkgs",
        "type": "github"
      }
    },
    "nixpkgs-stable": {
      "locked": {
        "lastModified": 1708210246,
        "narHash": "sha256-Q8L9XwrBK53fbuuIFMbjKvoV7ixfLFKLw4yV+SD28Y8=",
        "owner": "NixOS",
        "repo": "nixpkgs",
        "rev": "69405156cffbdf2be50153f13cbdf9a0bea38e49",
        "type": "github"
      },
      "original": {
        "owner": "NixOS",
        "ref": "release-23.11",
        "repo": "nixpkgs",
        "type": "github"
      }
    },
    "root": {
      "inputs": {
        "home-manager": "home-manager",
        "nixos-hardware": "nixos-hardware",
        "nixpkgs": "nixpkgs",
        "sops-nix": "sops-nix"
      }
    },
    "sops-nix": {
      "inputs": {
        "nixpkgs": [
          "nixpkgs"
        ],
        "nixpkgs-stable": "nixpkgs-stable"
      },
      "locked": {
        "lastModified": 1708500294,
        "narHash": "sha256-mvJIecY3tDKZh7297mqOtOuAvP7U1rqjfLNfmfkjFpU=",
        "owner": "Mic92",
        "repo": "sops-nix",
        "rev": "f6b80ab6cd25e57f297fe466ad689d8a77057c11",
        "type": "github"
      },
      "original": {
        "owner": "Mic92",
        "ref": "master",
        "repo": "sops-nix",
        "type": "github"
      }
    }
  },
  "root": "root",
  "version": 7
}
