{
  "nodes": {
    "home-manager": {
      "inputs": {
        "nixpkgs": [
          "nixpkgs"
        ],
        "utils": "utils"
      },
      "locked": {
        "lastModified": 1679067095,
        "narHash": "sha256-G2dJQURL/CCi+8RP6jNJG8VqgtzEMCA+6mNodd3VR6E=",
        "owner": "nix-community",
        "repo": "home-manager",
        "rev": "3239e0b40f242f47bf6c0c37b2fd35ab3e76e370",
        "type": "github"
      },
      "original": {
        "owner": "nix-community",
        "ref": "master",
        "repo": "home-manager",
        "type": "github"
      }
    },
    "nixos-hardware": {
      "locked": {
        "lastModified": 1679075297,
        "narHash": "sha256-8TwS7NPQWW9iPejBwWzmjLnK8bQhdOMPpsj3KPAL6x8=",
        "owner": "NixOS",
        "repo": "nixos-hardware",
        "rev": "994584bb26ffa1deeaf56099601ef4bcc487273e",
        "type": "github"
      },
      "original": {
        "owner": "NixOS",
        "ref": "master",
        "repo": "nixos-hardware",
        "type": "github"
      }
    },
    "nixpkgs": {
      "locked": {
        "lastModified": 1679218214,
        "narHash": "sha256-cPQAgqzW89Lp/2FZ2LFwDlPx0YOz0nanvchbOG4ftqE=",
        "owner": "nixos",
        "repo": "nixpkgs",
        "rev": "812b74cf0bc5b0d127b6c8f37ad3993497ec5981",
        "type": "github"
      },
      "original": {
        "owner": "nixos",
        "ref": "master",
        "repo": "nixpkgs",
        "type": "github"
      }
    },
    "nixpkgs-stable": {
      "locked": {
        "lastModified": 1679163677,
        "narHash": "sha256-VC0tc3EjJZFPXgucFQAYMIHce5nJWYR0kVCk4TVg6gg=",
        "owner": "NixOS",
        "repo": "nixpkgs",
        "rev": "c3912035d00ef755ab19394488b41feab95d2e40",
        "type": "github"
      },
      "original": {
        "owner": "NixOS",
        "ref": "release-22.11",
        "repo": "nixpkgs",
        "type": "github"
      }
    },
    "root": {
      "inputs": {
        "home-manager": "home-manager",
        "nixos-hardware": "nixos-hardware",
        "nixpkgs": "nixpkgs",
        "sops-nix": "sops-nix"
      }
    },
    "sops-nix": {
      "inputs": {
        "nixpkgs": [
          "nixpkgs"
        ],
        "nixpkgs-stable": "nixpkgs-stable"
      },
      "locked": {
        "lastModified": 1679194991,
        "narHash": "sha256-SSJ/NvhXJeDzSgfEjKO1V/2olI4UlEAxK54DVWJIPjA=",
        "owner": "Mic92",
        "repo": "sops-nix",
        "rev": "08a0b5f25a73130869b3cc375eaf0e6ff317435e",
        "type": "github"
      },
      "original": {
        "owner": "Mic92",
        "ref": "master",
        "repo": "sops-nix",
        "type": "github"
      }
    },
    "utils": {
      "locked": {
        "lastModified": 1676283394,
        "narHash": "sha256-XX2f9c3iySLCw54rJ/CZs+ZK6IQy7GXNY4nSOyu2QG4=",
        "owner": "numtide",
        "repo": "flake-utils",
        "rev": "3db36a8b464d0c4532ba1c7dda728f4576d6d073",
        "type": "github"
      },
      "original": {
        "owner": "numtide",
        "repo": "flake-utils",
        "type": "github"
      }
    }
  },
  "root": "root",
  "version": 7
}
